
Microsoft Visual Studio Solution File, Format Version 12.00
# Visual Studio Version 17
VisualStudioVersion = 17.8.34330.188
MinimumVisualStudioVersion = 10.0.40219.1
Project("{FAE04EC0-301F-11D3-BF4B-00C04F79EFBC}") = "AppFuncional", "src\AppFuncional\AppFuncional.csproj", "{83E996B0-C494-4D5E-9C13-0BF4DDE1E4D4}"
EndProject
Global
	GlobalSection(SolutionConfigurationPlatforms) = preSolution
		Debug|Any CPU = Debug|Any CPU
		Release|Any CPU = Release|Any CPU
	EndGlobalSection
	GlobalSection(ProjectConfigurationPlatforms) = postSolution
		{83E996B0-C494-4D5E-9C13-0BF4DDE1E4D4}.Debug|Any CPU.ActiveCfg = Debug|Any CPU
		{83E996B0-C494-4D5E-9C13-0BF4DDE1E4D4}.Debug|Any CPU.Build.0 = Debug|Any CPU
		{83E996B0-C494-4D5E-9C13-0BF4DDE1E4D4}.Release|Any CPU.ActiveCfg = Release|Any CPU
		{83E996B0-C494-4D5E-9C13-0BF4DDE1E4D4}.Release|Any CPU.Build.0 = Release|Any CPU
	EndGlobalSection
	GlobalSection(SolutionProperties) = preSolution
		HideSolutionNode = FALSE
	EndGlobalSection
	GlobalSection(ExtensibilityGlobals) = postSolution
		SolutionGuid = {303777B1-9203-4D0E-919E-A0ECA119E50F}
	EndGlobalSection
EndGlobal
