
Microsoft Visual Studio Solution File, Format Version 12.00
# Visual Studio Version 17
VisualStudioVersion = 17.9.34622.214
MinimumVisualStudioVersion = 10.0.40219.1
Project("{FAE04EC0-301F-11D3-BF4B-00C04F79EFBC}") = "AppSemTemplate", "src\AppSemTemplate\AppSemTemplate.csproj", "{06569BBF-2F89-4B69-9E1C-BA39F786150D}"
EndProject
Global
	GlobalSection(SolutionConfigurationPlatforms) = preSolution
		Debug|Any CPU = Debug|Any CPU
		Release|Any CPU = Release|Any CPU
	EndGlobalSection
	GlobalSection(ProjectConfigurationPlatforms) = postSolution
		{06569BBF-2F89-4B69-9E1C-BA39F786150D}.Debug|Any CPU.ActiveCfg = Debug|Any CPU
		{06569BBF-2F89-4B69-9E1C-BA39F786150D}.Debug|Any CPU.Build.0 = Debug|Any CPU
		{06569BBF-2F89-4B69-9E1C-BA39F786150D}.Release|Any CPU.ActiveCfg = Release|Any CPU
		{06569BBF-2F89-4B69-9E1C-BA39F786150D}.Release|Any CPU.Build.0 = Release|Any CPU
	EndGlobalSection
	GlobalSection(SolutionProperties) = preSolution
		HideSolutionNode = FALSE
	EndGlobalSection
	GlobalSection(ExtensibilityGlobals) = postSolution
		SolutionGuid = {F7D5CF89-E5CB-4328-B5A3-12288ED1466F}
	EndGlobalSection
EndGlobal
