
Microsoft Visual Studio Solution File, Format Version 12.00
# Visual Studio Version 17
VisualStudioVersion = 17.8.34330.188
MinimumVisualStudioVersion = 10.0.40219.1
Project("{FAE04EC0-301F-11D3-BF4B-00C04F79EFBC}") = "DemoRazorPages", "DemoRazorPages.csproj", "{69AB6D69-E2A9-4141-9197-808B5E3D1885}"
EndProject
Global
	GlobalSection(SolutionConfigurationPlatforms) = preSolution
		Debug|Any CPU = Debug|Any CPU
		Release|Any CPU = Release|Any CPU
	EndGlobalSection
	GlobalSection(ProjectConfigurationPlatforms) = postSolution
		{69AB6D69-E2A9-4141-9197-808B5E3D1885}.Debug|Any CPU.ActiveCfg = Debug|Any CPU
		{69AB6D69-E2A9-4141-9197-808B5E3D1885}.Debug|Any CPU.Build.0 = Debug|Any CPU
		{69AB6D69-E2A9-4141-9197-808B5E3D1885}.Release|Any CPU.ActiveCfg = Release|Any CPU
		{69AB6D69-E2A9-4141-9197-808B5E3D1885}.Release|Any CPU.Build.0 = Release|Any CPU
	EndGlobalSection
	GlobalSection(SolutionProperties) = preSolution
		HideSolutionNode = FALSE
	EndGlobalSection
	GlobalSection(ExtensibilityGlobals) = postSolution
		SolutionGuid = {8B186368-CECA-41BE-A411-9B4EE5AA9F8F}
	EndGlobalSection
EndGlobal
